
Microsoft Visual Studio Solution File, Format Version 12.00
# Visual Studio Version 17
VisualStudioVersion = 17.5.002.0
MinimumVisualStudioVersion = 10.0.40219.1
Project("{2150E333-8FDC-42A3-9474-1A3956D46DE8}") = "prepare", "prepare", "{7333BCC9-0202-4051-95FF-77FD79DEA4FF}"
EndProject
Project("{9A19103F-16F7-4668-BE54-9A1E7A4F7556}") = "Learning02", "prepare\Learning02\Learning02.csproj", "{20DD905F-99AC-494A-9972-1D63E77AFAB7}"
EndProject
Project("{9A19103F-16F7-4668-BE54-9A1E7A4F7556}") = "Learning05", "prepare\Learning05\Learning05.csproj", "{A9C12EC8-E807-44D7-A56F-24AB12A788FC}"
EndProject
Project("{9A19103F-16F7-4668-BE54-9A1E7A4F7556}") = "Learning04", "prepare\Learning04\Learning04.csproj", "{169CF4DD-8B0A-417F-BFC9-984F9A8F071E}"
EndProject
Project("{9A19103F-16F7-4668-BE54-9A1E7A4F7556}") = "Learning03", "prepare\Learning03\Learning03.csproj", "{809C7696-A094-4B2B-BF79-685EC5C14BE5}"
EndProject
Project("{2150E333-8FDC-42A3-9474-1A3956D46DE8}") = "prove", "prove", "{121C6834-C7BB-40A8-A619-79047153D32D}"
EndProject
Project("{9A19103F-16F7-4668-BE54-9A1E7A4F7556}") = "Develop03", "prove\Develop03\Develop03.csproj", "{ABE48106-A159-4675-A650-83940F82321C}"
EndProject
Project("{9A19103F-16F7-4668-BE54-9A1E7A4F7556}") = "Develop04", "prove\Develop04\Develop04.csproj", "{8A4004B6-E80F-4742-ADE6-B63816787B27}"
EndProject
Project("{9A19103F-16F7-4668-BE54-9A1E7A4F7556}") = "Develop05", "prove\Develop05\Develop05.csproj", "{E663A912-45F7-4DDE-A3E5-0340DC69DB5A}"
EndProject
Project("{9A19103F-16F7-4668-BE54-9A1E7A4F7556}") = "Develop02", "prove\Develop02\Develop02.csproj", "{A51437E2-9394-4583-9BD8-FC76D90B9EF3}"
EndProject
Project("{2150E333-8FDC-42A3-9474-1A3956D46DE8}") = "sandbox", "sandbox", "{F517B513-2535-4DC3-9EC6-011BF3388204}"
EndProject
Project("{9A19103F-16F7-4668-BE54-9A1E7A4F7556}") = "Sandbox", "sandbox\Sandbox\Sandbox.csproj", "{7DC40C56-9E30-4FA2-A3D0-7EAD618FE71F}"
EndProject
Project("{2150E333-8FDC-42A3-9474-1A3956D46DE8}") = "final", "final", "{B046FEEC-28AF-441F-A79A-F78625F898F7}"
EndProject
Project("{9A19103F-16F7-4668-BE54-9A1E7A4F7556}") = "FinalProject", "final\FinalProject\FinalProject.csproj", "{47444952-016A-4316-8D7C-384D0D5F0974}"
EndProject
Project("{9A19103F-16F7-4668-BE54-9A1E7A4F7556}") = "Foundation1", "final\Foundation1\Foundation1.csproj", "{5D2F0EC9-066F-44F7-827D-98DC4FCD6875}"
EndProject
Project("{9A19103F-16F7-4668-BE54-9A1E7A4F7556}") = "Foundation4", "final\Foundation4\Foundation4.csproj", "{E832F36A-3E64-4E30-BE51-DACFAE852D62}"
EndProject
Project("{9A19103F-16F7-4668-BE54-9A1E7A4F7556}") = "Foundation3", "final\Foundation3\Foundation3.csproj", "{01F9E015-3E6E-41C3-8BE2-1DFA4BD17B4C}"
EndProject
Project("{9A19103F-16F7-4668-BE54-9A1E7A4F7556}") = "Foundation2", "final\Foundation2\Foundation2.csproj", "{0DC2F3A5-426B-46D5-B01D-7553904934BC}"
EndProject
Project("{2150E333-8FDC-42A3-9474-1A3956D46DE8}") = "csharp-prep", "csharp-prep", "{139D28E4-6F73-433C-95EF-8CE746E4B4CE}"
EndProject
Project("{9A19103F-16F7-4668-BE54-9A1E7A4F7556}") = "Prep1", "csharp-prep\Prep1\Prep1.csproj", "{EA98A985-DF54-4CC1-AD63-6EFE581989D2}"
EndProject
Project("{9A19103F-16F7-4668-BE54-9A1E7A4F7556}") = "Prep5", "csharp-prep\Prep5\Prep5.csproj", "{45F99794-08C9-4D15-812E-910FEA5095D4}"
EndProject
Project("{9A19103F-16F7-4668-BE54-9A1E7A4F7556}") = "Prep2", "csharp-prep\Prep2\Prep2.csproj", "{3186FC8D-9F18-4FBF-A79C-2D52D8212551}"
EndProject
Project("{9A19103F-16F7-4668-BE54-9A1E7A4F7556}") = "Prep3", "csharp-prep\Prep3\Prep3.csproj", "{DAABD6D7-FB4E-4FD5-9CBB-165DCD2BBD06}"
EndProject
Project("{9A19103F-16F7-4668-BE54-9A1E7A4F7556}") = "Prep4", "csharp-prep\Prep4\Prep4.csproj", "{99D7B427-B05A-4FD9-B228-BA07E44ED1F3}"
EndProject
Global
	GlobalSection(SolutionConfigurationPlatforms) = preSolution
		Debug|Any CPU = Debug|Any CPU
		Release|Any CPU = Release|Any CPU
	EndGlobalSection
	GlobalSection(ProjectConfigurationPlatforms) = postSolution
		{20DD905F-99AC-494A-9972-1D63E77AFAB7}.Debug|Any CPU.ActiveCfg = Debug|Any CPU
		{20DD905F-99AC-494A-9972-1D63E77AFAB7}.Debug|Any CPU.Build.0 = Debug|Any CPU
		{20DD905F-99AC-494A-9972-1D63E77AFAB7}.Release|Any CPU.ActiveCfg = Release|Any CPU
		{20DD905F-99AC-494A-9972-1D63E77AFAB7}.Release|Any CPU.Build.0 = Release|Any CPU
		{A9C12EC8-E807-44D7-A56F-24AB12A788FC}.Debug|Any CPU.ActiveCfg = Debug|Any CPU
		{A9C12EC8-E807-44D7-A56F-24AB12A788FC}.Debug|Any CPU.Build.0 = Debug|Any CPU
		{A9C12EC8-E807-44D7-A56F-24AB12A788FC}.Release|Any CPU.ActiveCfg = Release|Any CPU
		{A9C12EC8-E807-44D7-A56F-24AB12A788FC}.Release|Any CPU.Build.0 = Release|Any CPU
		{169CF4DD-8B0A-417F-BFC9-984F9A8F071E}.Debug|Any CPU.ActiveCfg = Debug|Any CPU
		{169CF4DD-8B0A-417F-BFC9-984F9A8F071E}.Debug|Any CPU.Build.0 = Debug|Any CPU
		{169CF4DD-8B0A-417F-BFC9-984F9A8F071E}.Release|Any CPU.ActiveCfg = Release|Any CPU
		{169CF4DD-8B0A-417F-BFC9-984F9A8F071E}.Release|Any CPU.Build.0 = Release|Any CPU
		{809C7696-A094-4B2B-BF79-685EC5C14BE5}.Debug|Any CPU.ActiveCfg = Debug|Any CPU
		{809C7696-A094-4B2B-BF79-685EC5C14BE5}.Debug|Any CPU.Build.0 = Debug|Any CPU
		{809C7696-A094-4B2B-BF79-685EC5C14BE5}.Release|Any CPU.ActiveCfg = Release|Any CPU
		{809C7696-A094-4B2B-BF79-685EC5C14BE5}.Release|Any CPU.Build.0 = Release|Any CPU
		{ABE48106-A159-4675-A650-83940F82321C}.Debug|Any CPU.ActiveCfg = Debug|Any CPU
		{ABE48106-A159-4675-A650-83940F82321C}.Debug|Any CPU.Build.0 = Debug|Any CPU
		{ABE48106-A159-4675-A650-83940F82321C}.Release|Any CPU.ActiveCfg = Release|Any CPU
		{ABE48106-A159-4675-A650-83940F82321C}.Release|Any CPU.Build.0 = Release|Any CPU
		{8A4004B6-E80F-4742-ADE6-B63816787B27}.Debug|Any CPU.ActiveCfg = Debug|Any CPU
		{8A4004B6-E80F-4742-ADE6-B63816787B27}.Debug|Any CPU.Build.0 = Debug|Any CPU
		{8A4004B6-E80F-4742-ADE6-B63816787B27}.Release|Any CPU.ActiveCfg = Release|Any CPU
		{8A4004B6-E80F-4742-ADE6-B63816787B27}.Release|Any CPU.Build.0 = Release|Any CPU
		{E663A912-45F7-4DDE-A3E5-0340DC69DB5A}.Debug|Any CPU.ActiveCfg = Debug|Any CPU
		{E663A912-45F7-4DDE-A3E5-0340DC69DB5A}.Debug|Any CPU.Build.0 = Debug|Any CPU
		{E663A912-45F7-4DDE-A3E5-0340DC69DB5A}.Release|Any CPU.ActiveCfg = Release|Any CPU
		{E663A912-45F7-4DDE-A3E5-0340DC69DB5A}.Release|Any CPU.Build.0 = Release|Any CPU
		{A51437E2-9394-4583-9BD8-FC76D90B9EF3}.Debug|Any CPU.ActiveCfg = Debug|Any CPU
		{A51437E2-9394-4583-9BD8-FC76D90B9EF3}.Debug|Any CPU.Build.0 = Debug|Any CPU
		{A51437E2-9394-4583-9BD8-FC76D90B9EF3}.Release|Any CPU.ActiveCfg = Release|Any CPU
		{A51437E2-9394-4583-9BD8-FC76D90B9EF3}.Release|Any CPU.Build.0 = Release|Any CPU
		{7DC40C56-9E30-4FA2-A3D0-7EAD618FE71F}.Debug|Any CPU.ActiveCfg = Debug|Any CPU
		{7DC40C56-9E30-4FA2-A3D0-7EAD618FE71F}.Debug|Any CPU.Build.0 = Debug|Any CPU
		{7DC40C56-9E30-4FA2-A3D0-7EAD618FE71F}.Release|Any CPU.ActiveCfg = Release|Any CPU
		{7DC40C56-9E30-4FA2-A3D0-7EAD618FE71F}.Release|Any CPU.Build.0 = Release|Any CPU
		{47444952-016A-4316-8D7C-384D0D5F0974}.Debug|Any CPU.ActiveCfg = Debug|Any CPU
		{47444952-016A-4316-8D7C-384D0D5F0974}.Debug|Any CPU.Build.0 = Debug|Any CPU
		{47444952-016A-4316-8D7C-384D0D5F0974}.Release|Any CPU.ActiveCfg = Release|Any CPU
		{47444952-016A-4316-8D7C-384D0D5F0974}.Release|Any CPU.Build.0 = Release|Any CPU
		{5D2F0EC9-066F-44F7-827D-98DC4FCD6875}.Debug|Any CPU.ActiveCfg = Debug|Any CPU
		{5D2F0EC9-066F-44F7-827D-98DC4FCD6875}.Debug|Any CPU.Build.0 = Debug|Any CPU
		{5D2F0EC9-066F-44F7-827D-98DC4FCD6875}.Release|Any CPU.ActiveCfg = Release|Any CPU
		{5D2F0EC9-066F-44F7-827D-98DC4FCD6875}.Release|Any CPU.Build.0 = Release|Any CPU
		{E832F36A-3E64-4E30-BE51-DACFAE852D62}.Debug|Any CPU.ActiveCfg = Debug|Any CPU
		{E832F36A-3E64-4E30-BE51-DACFAE852D62}.Debug|Any CPU.Build.0 = Debug|Any CPU
		{E832F36A-3E64-4E30-BE51-DACFAE852D62}.Release|Any CPU.ActiveCfg = Release|Any CPU
		{E832F36A-3E64-4E30-BE51-DACFAE852D62}.Release|Any CPU.Build.0 = Release|Any CPU
		{01F9E015-3E6E-41C3-8BE2-1DFA4BD17B4C}.Debug|Any CPU.ActiveCfg = Debug|Any CPU
		{01F9E015-3E6E-41C3-8BE2-1DFA4BD17B4C}.Debug|Any CPU.Build.0 = Debug|Any CPU
		{01F9E015-3E6E-41C3-8BE2-1DFA4BD17B4C}.Release|Any CPU.ActiveCfg = Release|Any CPU
		{01F9E015-3E6E-41C3-8BE2-1DFA4BD17B4C}.Release|Any CPU.Build.0 = Release|Any CPU
		{0DC2F3A5-426B-46D5-B01D-7553904934BC}.Debug|Any CPU.ActiveCfg = Debug|Any CPU
		{0DC2F3A5-426B-46D5-B01D-7553904934BC}.Debug|Any CPU.Build.0 = Debug|Any CPU
		{0DC2F3A5-426B-46D5-B01D-7553904934BC}.Release|Any CPU.ActiveCfg = Release|Any CPU
		{0DC2F3A5-426B-46D5-B01D-7553904934BC}.Release|Any CPU.Build.0 = Release|Any CPU
		{EA98A985-DF54-4CC1-AD63-6EFE581989D2}.Debug|Any CPU.ActiveCfg = Debug|Any CPU
		{EA98A985-DF54-4CC1-AD63-6EFE581989D2}.Debug|Any CPU.Build.0 = Debug|Any CPU
		{EA98A985-DF54-4CC1-AD63-6EFE581989D2}.Release|Any CPU.ActiveCfg = Release|Any CPU
		{EA98A985-DF54-4CC1-AD63-6EFE581989D2}.Release|Any CPU.Build.0 = Release|Any CPU
		{45F99794-08C9-4D15-812E-910FEA5095D4}.Debug|Any CPU.ActiveCfg = Debug|Any CPU
		{45F99794-08C9-4D15-812E-910FEA5095D4}.Debug|Any CPU.Build.0 = Debug|Any CPU
		{45F99794-08C9-4D15-812E-910FEA5095D4}.Release|Any CPU.ActiveCfg = Release|Any CPU
		{45F99794-08C9-4D15-812E-910FEA5095D4}.Release|Any CPU.Build.0 = Release|Any CPU
		{3186FC8D-9F18-4FBF-A79C-2D52D8212551}.Debug|Any CPU.ActiveCfg = Debug|Any CPU
		{3186FC8D-9F18-4FBF-A79C-2D52D8212551}.Debug|Any CPU.Build.0 = Debug|Any CPU
		{3186FC8D-9F18-4FBF-A79C-2D52D8212551}.Release|Any CPU.ActiveCfg = Release|Any CPU
		{3186FC8D-9F18-4FBF-A79C-2D52D8212551}.Release|Any CPU.Build.0 = Release|Any CPU
		{DAABD6D7-FB4E-4FD5-9CBB-165DCD2BBD06}.Debug|Any CPU.ActiveCfg = Debug|Any CPU
		{DAABD6D7-FB4E-4FD5-9CBB-165DCD2BBD06}.Debug|Any CPU.Build.0 = Debug|Any CPU
		{DAABD6D7-FB4E-4FD5-9CBB-165DCD2BBD06}.Release|Any CPU.ActiveCfg = Release|Any CPU
		{DAABD6D7-FB4E-4FD5-9CBB-165DCD2BBD06}.Release|Any CPU.Build.0 = Release|Any CPU
		{99D7B427-B05A-4FD9-B228-BA07E44ED1F3}.Debug|Any CPU.ActiveCfg = Debug|Any CPU
		{99D7B427-B05A-4FD9-B228-BA07E44ED1F3}.Debug|Any CPU.Build.0 = Debug|Any CPU
		{99D7B427-B05A-4FD9-B228-BA07E44ED1F3}.Release|Any CPU.ActiveCfg = Release|Any CPU
		{99D7B427-B05A-4FD9-B228-BA07E44ED1F3}.Release|Any CPU.Build.0 = Release|Any CPU
	EndGlobalSection
	GlobalSection(SolutionProperties) = preSolution
		HideSolutionNode = FALSE
	EndGlobalSection
	GlobalSection(NestedProjects) = preSolution
		{20DD905F-99AC-494A-9972-1D63E77AFAB7} = {7333BCC9-0202-4051-95FF-77FD79DEA4FF}
		{A9C12EC8-E807-44D7-A56F-24AB12A788FC} = {7333BCC9-0202-4051-95FF-77FD79DEA4FF}
		{169CF4DD-8B0A-417F-BFC9-984F9A8F071E} = {7333BCC9-0202-4051-95FF-77FD79DEA4FF}
		{809C7696-A094-4B2B-BF79-685EC5C14BE5} = {7333BCC9-0202-4051-95FF-77FD79DEA4FF}
		{ABE48106-A159-4675-A650-83940F82321C} = {121C6834-C7BB-40A8-A619-79047153D32D}
		{8A4004B6-E80F-4742-ADE6-B63816787B27} = {121C6834-C7BB-40A8-A619-79047153D32D}
		{E663A912-45F7-4DDE-A3E5-0340DC69DB5A} = {121C6834-C7BB-40A8-A619-79047153D32D}
		{A51437E2-9394-4583-9BD8-FC76D90B9EF3} = {121C6834-C7BB-40A8-A619-79047153D32D}
		{7DC40C56-9E30-4FA2-A3D0-7EAD618FE71F} = {F517B513-2535-4DC3-9EC6-011BF3388204}
		{47444952-016A-4316-8D7C-384D0D5F0974} = {B046FEEC-28AF-441F-A79A-F78625F898F7}
		{5D2F0EC9-066F-44F7-827D-98DC4FCD6875} = {B046FEEC-28AF-441F-A79A-F78625F898F7}
		{E832F36A-3E64-4E30-BE51-DACFAE852D62} = {B046FEEC-28AF-441F-A79A-F78625F898F7}
		{01F9E015-3E6E-41C3-8BE2-1DFA4BD17B4C} = {B046FEEC-28AF-441F-A79A-F78625F898F7}
		{0DC2F3A5-426B-46D5-B01D-7553904934BC} = {B046FEEC-28AF-441F-A79A-F78625F898F7}
		{EA98A985-DF54-4CC1-AD63-6EFE581989D2} = {139D28E4-6F73-433C-95EF-8CE746E4B4CE}
		{45F99794-08C9-4D15-812E-910FEA5095D4} = {139D28E4-6F73-433C-95EF-8CE746E4B4CE}
		{3186FC8D-9F18-4FBF-A79C-2D52D8212551} = {139D28E4-6F73-433C-95EF-8CE746E4B4CE}
		{DAABD6D7-FB4E-4FD5-9CBB-165DCD2BBD06} = {139D28E4-6F73-433C-95EF-8CE746E4B4CE}
		{99D7B427-B05A-4FD9-B228-BA07E44ED1F3} = {139D28E4-6F73-433C-95EF-8CE746E4B4CE}
	EndGlobalSection
	GlobalSection(ExtensibilityGlobals) = postSolution
		SolutionGuid = {5B6E2AAC-EC38-411A-B56A-756F1DF9C761}
	EndGlobalSection
EndGlobal
